
Microsoft Visual Studio Solution File, Format Version 12.00
# Visual Studio Version 16
VisualStudioVersion = 16.0.29911.84
MinimumVisualStudioVersion = 10.0.40219.1
Project("{FAE04EC0-301F-11D3-BF4B-00C04F79EFBC}") = "BarboraTimeCheck", "BarboraTimeCheck\BarboraTimeCheck.csproj", "{94F93EEE-7462-4F48-94B0-9568CD3E0D4F}"
EndProject
Global
	GlobalSection(SolutionConfigurationPlatforms) = preSolution
		Debug|Any CPU = Debug|Any CPU
		Release|Any CPU = Release|Any CPU
	EndGlobalSection
	GlobalSection(ProjectConfigurationPlatforms) = postSolution
		{94F93EEE-7462-4F48-94B0-9568CD3E0D4F}.Debug|Any CPU.ActiveCfg = Debug|Any CPU
		{94F93EEE-7462-4F48-94B0-9568CD3E0D4F}.Debug|Any CPU.Build.0 = Debug|Any CPU
		{94F93EEE-7462-4F48-94B0-9568CD3E0D4F}.Release|Any CPU.ActiveCfg = Release|Any CPU
		{94F93EEE-7462-4F48-94B0-9568CD3E0D4F}.Release|Any CPU.Build.0 = Release|Any CPU
	EndGlobalSection
	GlobalSection(SolutionProperties) = preSolution
		HideSolutionNode = FALSE
	EndGlobalSection
	GlobalSection(ExtensibilityGlobals) = postSolution
		SolutionGuid = {80FDE469-8174-407B-9482-BE7DF5623F5C}
	EndGlobalSection
EndGlobal
